// !$*UTF8*$!
{
	archiveVersion = 1;
	classes = {
	};
	objectVersion = 50;
	objects = {

/* Begin PBXBuildFile section */
		91C4B2874590C509E75B8FFD /* libPods-MJAppearnce-MJAppearnceUITests.a in Frameworks */ = {isa = PBXBuildFile; fileRef = 3BAC9B63468A4137199D59C1 /* libPods-MJAppearnce-MJAppearnceUITests.a */; };
		B5C6626B924CAD95ECDA184C /* libPods-MJAppearnce.a in Frameworks */ = {isa = PBXBuildFile; fileRef = 714D2B73E69A02D4B2B07736 /* libPods-MJAppearnce.a */; };
		ED1817A7244ADF540069B743 /* UIView+Utils.m in Sources */ = {isa = PBXBuildFile; fileRef = ED1817A6244ADF540069B743 /* UIView+Utils.m */; };
		ED1817B2244DAB520069B743 /* cry_dark.png in Resources */ = {isa = PBXBuildFile; fileRef = ED1817B0244DAB520069B743 /* cry_dark.png */; };
		ED1817B3244DAB520069B743 /* cry.png in Resources */ = {isa = PBXBuildFile; fileRef = ED1817B1244DAB520069B743 /* cry.png */; };
		ED7B95762455BF9A0005A744 /* UIImage+MJAppearance.m in Sources */ = {isa = PBXBuildFile; fileRef = ED7B954E2455BF990005A744 /* UIImage+MJAppearance.m */; };
		ED7B95772455BF9A0005A744 /* MJAppearanceManager.m in Sources */ = {isa = PBXBuildFile; fileRef = ED7B95502455BF990005A744 /* MJAppearanceManager.m */; };
		ED7B95782455BF9A0005A744 /* MJAppearanceColor.m in Sources */ = {isa = PBXBuildFile; fileRef = ED7B95512455BF990005A744 /* MJAppearanceColor.m */; };
		ED7B95792455BF9A0005A744 /* MJAppearanceImage.m in Sources */ = {isa = PBXBuildFile; fileRef = ED7B95572455BF990005A744 /* MJAppearanceImage.m */; };
		ED7B957A2455BF9A0005A744 /* NSObject+MJAppearance.m in Sources */ = {isa = PBXBuildFile; fileRef = ED7B95582455BF990005A744 /* NSObject+MJAppearance.m */; };
		ED7B957B2455BF9A0005A744 /* UIColor+MJAppearance.m in Sources */ = {isa = PBXBuildFile; fileRef = ED7B95592455BF990005A744 /* UIColor+MJAppearance.m */; };
		ED7B957C2455BF9A0005A744 /* UINavigationBar+MJAppearance.m in Sources */ = {isa = PBXBuildFile; fileRef = ED7B955D2455BF990005A744 /* UINavigationBar+MJAppearance.m */; };
		ED7B957D2455BF9A0005A744 /* UIProgressView+MJAppearance.m in Sources */ = {isa = PBXBuildFile; fileRef = ED7B955F2455BF990005A744 /* UIProgressView+MJAppearance.m */; };
		ED7B957E2455BF9A0005A744 /* UIPageControl+MJAppearance.m in Sources */ = {isa = PBXBuildFile; fileRef = ED7B95602455BF990005A744 /* UIPageControl+MJAppearance.m */; };
		ED7B957F2455BF9A0005A744 /* UITextFiled+MJAppearance.m in Sources */ = {isa = PBXBuildFile; fileRef = ED7B95652455BF990005A744 /* UITextFiled+MJAppearance.m */; };
		ED7B95802455BF9A0005A744 /* UILabel+MJAppearance.m in Sources */ = {isa = PBXBuildFile; fileRef = ED7B95682455BF9A0005A744 /* UILabel+MJAppearance.m */; };
		ED7B95812455BF9A0005A744 /* UIView+MJAppearance.m in Sources */ = {isa = PBXBuildFile; fileRef = ED7B95692455BF9A0005A744 /* UIView+MJAppearance.m */; };
		ED7B95822455BF9A0005A744 /* UISlider+MJAppearance.m in Sources */ = {isa = PBXBuildFile; fileRef = ED7B956B2455BF9A0005A744 /* UISlider+MJAppearance.m */; };
		ED7B95832455BF9A0005A744 /* UIBarButtonItem+MJAppearance.m in Sources */ = {isa = PBXBuildFile; fileRef = ED7B956E2455BF9A0005A744 /* UIBarButtonItem+MJAppearance.m */; };
		ED7B95842455BF9A0005A744 /* UITableView+MJAppearance.m in Sources */ = {isa = PBXBuildFile; fileRef = ED7B956F2455BF9A0005A744 /* UITableView+MJAppearance.m */; };
		ED7B95852455BF9A0005A744 /* UIImageView+MJAppearance.m in Sources */ = {isa = PBXBuildFile; fileRef = ED7B95712455BF9A0005A744 /* UIImageView+MJAppearance.m */; };
		ED7B95862455BF9A0005A744 /* UIButton+MJAppearance.m in Sources */ = {isa = PBXBuildFile; fileRef = ED7B95722455BF9A0005A744 /* UIButton+MJAppearance.m */; };
		ED7B95872455BF9A0005A744 /* UISwitch+MJAppearance.m in Sources */ = {isa = PBXBuildFile; fileRef = ED7B95732455BF9A0005A744 /* UISwitch+MJAppearance.m */; };
		ED7B95882455BF9A0005A744 /* UISearchBar+MJAppearance.m in Sources */ = {isa = PBXBuildFile; fileRef = ED7B95742455BF9A0005A744 /* UISearchBar+MJAppearance.m */; };
		ED7B95D42456E98D0005A744 /* MJMainTheme.m in Sources */ = {isa = PBXBuildFile; fileRef = ED7B95D32456E98D0005A744 /* MJMainTheme.m */; };
		ED7B95D72456E9A20005A744 /* MJAQITheme.m in Sources */ = {isa = PBXBuildFile; fileRef = ED7B95D62456E9A20005A744 /* MJAQITheme.m */; };
		ED7B95DA2456FE900005A744 /* MJBaseTheme.m in Sources */ = {isa = PBXBuildFile; fileRef = ED7B95D92456FE900005A744 /* MJBaseTheme.m */; };
		EDE2EC68244953C100C4BEAB /* AppDelegate.m in Sources */ = {isa = PBXBuildFile; fileRef = EDE2EC67244953C100C4BEAB /* AppDelegate.m */; };
		EDE2EC6E244953C100C4BEAB /* ViewController.m in Sources */ = {isa = PBXBuildFile; fileRef = EDE2EC6D244953C100C4BEAB /* ViewController.m */; };
		EDE2EC73244953C200C4BEAB /* Assets.xcassets in Resources */ = {isa = PBXBuildFile; fileRef = EDE2EC72244953C200C4BEAB /* Assets.xcassets */; };
		EDE2EC79244953C200C4BEAB /* main.m in Sources */ = {isa = PBXBuildFile; fileRef = EDE2EC78244953C200C4BEAB /* main.m */; };
		EDE2EC83244953C200C4BEAB /* MJAppearnceUITests.m in Sources */ = {isa = PBXBuildFile; fileRef = EDE2EC82244953C200C4BEAB /* MJAppearnceUITests.m */; };
/* End PBXBuildFile section */

/* Begin PBXContainerItemProxy section */
		EDE2EC7F244953C200C4BEAB /* PBXContainerItemProxy */ = {
			isa = PBXContainerItemProxy;
			containerPortal = EDE2EC5B244953C100C4BEAB /* Project object */;
			proxyType = 1;
			remoteGlobalIDString = EDE2EC62244953C100C4BEAB;
			remoteInfo = MJAppearnce;
		};
/* End PBXContainerItemProxy section */

/* Begin PBXFileReference section */
		3BAC9B63468A4137199D59C1 /* libPods-MJAppearnce-MJAppearnceUITests.a */ = {isa = PBXFileReference; explicitFileType = archive.ar; includeInIndex = 0; path = "libPods-MJAppearnce-MJAppearnceUITests.a"; sourceTree = BUILT_PRODUCTS_DIR; };
		55160E58A8B2E7F7516D074C /* Pods-MJAppearnce-MJAppearnceUITests.debug.xcconfig */ = {isa = PBXFileReference; includeInIndex = 1; lastKnownFileType = text.xcconfig; name = "Pods-MJAppearnce-MJAppearnceUITests.debug.xcconfig"; path = "Target Support Files/Pods-MJAppearnce-MJAppearnceUITests/Pods-MJAppearnce-MJAppearnceUITests.debug.xcconfig"; sourceTree = "<group>"; };
		5E3D4245C77347391791E628 /* Pods-MJAppearnce-MJAppearnceUITests.release.xcconfig */ = {isa = PBXFileReference; includeInIndex = 1; lastKnownFileType = text.xcconfig; name = "Pods-MJAppearnce-MJAppearnceUITests.release.xcconfig"; path = "Target Support Files/Pods-MJAppearnce-MJAppearnceUITests/Pods-MJAppearnce-MJAppearnceUITests.release.xcconfig"; sourceTree = "<group>"; };
		714D2B73E69A02D4B2B07736 /* libPods-MJAppearnce.a */ = {isa = PBXFileReference; explicitFileType = archive.ar; includeInIndex = 0; path = "libPods-MJAppearnce.a"; sourceTree = BUILT_PRODUCTS_DIR; };
		78E1341557F23AC09CA12943 /* Pods-MJAppearnce.release.xcconfig */ = {isa = PBXFileReference; includeInIndex = 1; lastKnownFileType = text.xcconfig; name = "Pods-MJAppearnce.release.xcconfig"; path = "Target Support Files/Pods-MJAppearnce/Pods-MJAppearnce.release.xcconfig"; sourceTree = "<group>"; };
		9A90AF2767B1BCC1DE72D5DB /* Pods-MJAppearnce.debug.xcconfig */ = {isa = PBXFileReference; includeInIndex = 1; lastKnownFileType = text.xcconfig; name = "Pods-MJAppearnce.debug.xcconfig"; path = "Target Support Files/Pods-MJAppearnce/Pods-MJAppearnce.debug.xcconfig"; sourceTree = "<group>"; };
		ED1817A5244ADF540069B743 /* UIView+Utils.h */ = {isa = PBXFileReference; fileEncoding = 4; lastKnownFileType = sourcecode.c.h; path = "UIView+Utils.h"; sourceTree = SOURCE_ROOT; };
		ED1817A6244ADF540069B743 /* UIView+Utils.m */ = {isa = PBXFileReference; fileEncoding = 4; lastKnownFileType = sourcecode.c.objc; path = "UIView+Utils.m"; sourceTree = SOURCE_ROOT; };
		ED1817B0244DAB520069B743 /* cry_dark.png */ = {isa = PBXFileReference; lastKnownFileType = image.png; path = cry_dark.png; sourceTree = "<group>"; };
		ED1817B1244DAB520069B743 /* cry.png */ = {isa = PBXFileReference; lastKnownFileType = image.png; path = cry.png; sourceTree = "<group>"; };
		ED7B954E2455BF990005A744 /* UIImage+MJAppearance.m */ = {isa = PBXFileReference; fileEncoding = 4; lastKnownFileType = sourcecode.c.objc; path = "UIImage+MJAppearance.m"; sourceTree = "<group>"; };
		ED7B954F2455BF990005A744 /* MJAppearanceImage.h */ = {isa = PBXFileReference; fileEncoding = 4; lastKnownFileType = sourcecode.c.h; path = MJAppearanceImage.h; sourceTree = "<group>"; };
		ED7B95502455BF990005A744 /* MJAppearanceManager.m */ = {isa = PBXFileReference; fileEncoding = 4; lastKnownFileType = sourcecode.c.objc; path = MJAppearanceManager.m; sourceTree = "<group>"; };
		ED7B95512455BF990005A744 /* MJAppearanceColor.m */ = {isa = PBXFileReference; fileEncoding = 4; lastKnownFileType = sourcecode.c.objc; path = MJAppearanceColor.m; sourceTree = "<group>"; };
		ED7B95522455BF990005A744 /* UIColor+MJAppearance.h */ = {isa = PBXFileReference; fileEncoding = 4; lastKnownFileType = sourcecode.c.h; path = "UIColor+MJAppearance.h"; sourceTree = "<group>"; };
		ED7B95532455BF990005A744 /* NSObject+MJAppearance.h */ = {isa = PBXFileReference; fileEncoding = 4; lastKnownFileType = sourcecode.c.h; path = "NSObject+MJAppearance.h"; sourceTree = "<group>"; };
		ED7B95542455BF990005A744 /* UIImage+MJAppearance.h */ = {isa = PBXFileReference; fileEncoding = 4; lastKnownFileType = sourcecode.c.h; path = "UIImage+MJAppearance.h"; sourceTree = "<group>"; };
		ED7B95552455BF990005A744 /* MJAppearanceColor.h */ = {isa = PBXFileReference; fileEncoding = 4; lastKnownFileType = sourcecode.c.h; path = MJAppearanceColor.h; sourceTree = "<group>"; };
		ED7B95562455BF990005A744 /* MJAppearanceManager.h */ = {isa = PBXFileReference; fileEncoding = 4; lastKnownFileType = sourcecode.c.h; path = MJAppearanceManager.h; sourceTree = "<group>"; };
		ED7B95572455BF990005A744 /* MJAppearanceImage.m */ = {isa = PBXFileReference; fileEncoding = 4; lastKnownFileType = sourcecode.c.objc; path = MJAppearanceImage.m; sourceTree = "<group>"; };
		ED7B95582455BF990005A744 /* NSObject+MJAppearance.m */ = {isa = PBXFileReference; fileEncoding = 4; lastKnownFileType = sourcecode.c.objc; path = "NSObject+MJAppearance.m"; sourceTree = "<group>"; };
		ED7B95592455BF990005A744 /* UIColor+MJAppearance.m */ = {isa = PBXFileReference; fileEncoding = 4; lastKnownFileType = sourcecode.c.objc; path = "UIColor+MJAppearance.m"; sourceTree = "<group>"; };
		ED7B955B2455BF990005A744 /* UILabel+MJAppearance.h */ = {isa = PBXFileReference; fileEncoding = 4; lastKnownFileType = sourcecode.c.h; path = "UILabel+MJAppearance.h"; sourceTree = "<group>"; };
		ED7B955C2455BF990005A744 /* UITableView+MJAppearance.h */ = {isa = PBXFileReference; fileEncoding = 4; lastKnownFileType = sourcecode.c.h; path = "UITableView+MJAppearance.h"; sourceTree = "<group>"; };
		ED7B955D2455BF990005A744 /* UINavigationBar+MJAppearance.m */ = {isa = PBXFileReference; fileEncoding = 4; lastKnownFileType = sourcecode.c.objc; path = "UINavigationBar+MJAppearance.m"; sourceTree = "<group>"; };
		ED7B955E2455BF990005A744 /* UIBarButtonItem+MJAppearance.h */ = {isa = PBXFileReference; fileEncoding = 4; lastKnownFileType = sourcecode.c.h; path = "UIBarButtonItem+MJAppearance.h"; sourceTree = "<group>"; };
		ED7B955F2455BF990005A744 /* UIProgressView+MJAppearance.m */ = {isa = PBXFileReference; fileEncoding = 4; lastKnownFileType = sourcecode.c.objc; path = "UIProgressView+MJAppearance.m"; sourceTree = "<group>"; };
		ED7B95602455BF990005A744 /* UIPageControl+MJAppearance.m */ = {isa = PBXFileReference; fileEncoding = 4; lastKnownFileType = sourcecode.c.objc; path = "UIPageControl+MJAppearance.m"; sourceTree = "<group>"; };
		ED7B95612455BF990005A744 /* UISlider+MJAppearance.h */ = {isa = PBXFileReference; fileEncoding = 4; lastKnownFileType = sourcecode.c.h; path = "UISlider+MJAppearance.h"; sourceTree = "<group>"; };
		ED7B95622455BF990005A744 /* UIView+MJAppearance.h */ = {isa = PBXFileReference; fileEncoding = 4; lastKnownFileType = sourcecode.c.h; path = "UIView+MJAppearance.h"; sourceTree = "<group>"; };
		ED7B95632455BF990005A744 /* UIButton+MJAppearance.h */ = {isa = PBXFileReference; fileEncoding = 4; lastKnownFileType = sourcecode.c.h; path = "UIButton+MJAppearance.h"; sourceTree = "<group>"; };
		ED7B95642455BF990005A744 /* UIImageView+MJAppearance.h */ = {isa = PBXFileReference; fileEncoding = 4; lastKnownFileType = sourcecode.c.h; path = "UIImageView+MJAppearance.h"; sourceTree = "<group>"; };
		ED7B95652455BF990005A744 /* UITextFiled+MJAppearance.m */ = {isa = PBXFileReference; fileEncoding = 4; lastKnownFileType = sourcecode.c.objc; path = "UITextFiled+MJAppearance.m"; sourceTree = "<group>"; };
		ED7B95662455BF990005A744 /* UISearchBar+MJAppearance.h */ = {isa = PBXFileReference; fileEncoding = 4; lastKnownFileType = sourcecode.c.h; path = "UISearchBar+MJAppearance.h"; sourceTree = "<group>"; };
		ED7B95672455BF9A0005A744 /* UISwitch+MJAppearance.h */ = {isa = PBXFileReference; fileEncoding = 4; lastKnownFileType = sourcecode.c.h; path = "UISwitch+MJAppearance.h"; sourceTree = "<group>"; };
		ED7B95682455BF9A0005A744 /* UILabel+MJAppearance.m */ = {isa = PBXFileReference; fileEncoding = 4; lastKnownFileType = sourcecode.c.objc; path = "UILabel+MJAppearance.m"; sourceTree = "<group>"; };
		ED7B95692455BF9A0005A744 /* UIView+MJAppearance.m */ = {isa = PBXFileReference; fileEncoding = 4; lastKnownFileType = sourcecode.c.objc; path = "UIView+MJAppearance.m"; sourceTree = "<group>"; };
		ED7B956A2455BF9A0005A744 /* UIPageControl+MJAppearance.h */ = {isa = PBXFileReference; fileEncoding = 4; lastKnownFileType = sourcecode.c.h; path = "UIPageControl+MJAppearance.h"; sourceTree = "<group>"; };
		ED7B956B2455BF9A0005A744 /* UISlider+MJAppearance.m */ = {isa = PBXFileReference; fileEncoding = 4; lastKnownFileType = sourcecode.c.objc; path = "UISlider+MJAppearance.m"; sourceTree = "<group>"; };
		ED7B956C2455BF9A0005A744 /* UINavigationBar+MJAppearance.h */ = {isa = PBXFileReference; fileEncoding = 4; lastKnownFileType = sourcecode.c.h; path = "UINavigationBar+MJAppearance.h"; sourceTree = "<group>"; };
		ED7B956D2455BF9A0005A744 /* UIProgressView+MJAppearance.h */ = {isa = PBXFileReference; fileEncoding = 4; lastKnownFileType = sourcecode.c.h; path = "UIProgressView+MJAppearance.h"; sourceTree = "<group>"; };
		ED7B956E2455BF9A0005A744 /* UIBarButtonItem+MJAppearance.m */ = {isa = PBXFileReference; fileEncoding = 4; lastKnownFileType = sourcecode.c.objc; path = "UIBarButtonItem+MJAppearance.m"; sourceTree = "<group>"; };
		ED7B956F2455BF9A0005A744 /* UITableView+MJAppearance.m */ = {isa = PBXFileReference; fileEncoding = 4; lastKnownFileType = sourcecode.c.objc; path = "UITableView+MJAppearance.m"; sourceTree = "<group>"; };
		ED7B95702455BF9A0005A744 /* UITextFiled+MJAppearance.h */ = {isa = PBXFileReference; fileEncoding = 4; lastKnownFileType = sourcecode.c.h; path = "UITextFiled+MJAppearance.h"; sourceTree = "<group>"; };
		ED7B95712455BF9A0005A744 /* UIImageView+MJAppearance.m */ = {isa = PBXFileReference; fileEncoding = 4; lastKnownFileType = sourcecode.c.objc; path = "UIImageView+MJAppearance.m"; sourceTree = "<group>"; };
		ED7B95722455BF9A0005A744 /* UIButton+MJAppearance.m */ = {isa = PBXFileReference; fileEncoding = 4; lastKnownFileType = sourcecode.c.objc; path = "UIButton+MJAppearance.m"; sourceTree = "<group>"; };
		ED7B95732455BF9A0005A744 /* UISwitch+MJAppearance.m */ = {isa = PBXFileReference; fileEncoding = 4; lastKnownFileType = sourcecode.c.objc; path = "UISwitch+MJAppearance.m"; sourceTree = "<group>"; };
		ED7B95742455BF9A0005A744 /* UISearchBar+MJAppearance.m */ = {isa = PBXFileReference; fileEncoding = 4; lastKnownFileType = sourcecode.c.objc; path = "UISearchBar+MJAppearance.m"; sourceTree = "<group>"; };
		ED7B95752455BF9A0005A744 /* MJAppearance.h */ = {isa = PBXFileReference; fileEncoding = 4; lastKnownFileType = sourcecode.c.h; path = MJAppearance.h; sourceTree = "<group>"; };
		ED7B95D22456E98D0005A744 /* MJMainTheme.h */ = {isa = PBXFileReference; lastKnownFileType = sourcecode.c.h; path = MJMainTheme.h; sourceTree = "<group>"; };
		ED7B95D32456E98D0005A744 /* MJMainTheme.m */ = {isa = PBXFileReference; lastKnownFileType = sourcecode.c.objc; path = MJMainTheme.m; sourceTree = "<group>"; };
		ED7B95D52456E9A20005A744 /* MJAQITheme.h */ = {isa = PBXFileReference; lastKnownFileType = sourcecode.c.h; path = MJAQITheme.h; sourceTree = "<group>"; };
		ED7B95D62456E9A20005A744 /* MJAQITheme.m */ = {isa = PBXFileReference; lastKnownFileType = sourcecode.c.objc; path = MJAQITheme.m; sourceTree = "<group>"; };
		ED7B95D82456FE900005A744 /* MJBaseTheme.h */ = {isa = PBXFileReference; lastKnownFileType = sourcecode.c.h; path = MJBaseTheme.h; sourceTree = "<group>"; };
		ED7B95D92456FE900005A744 /* MJBaseTheme.m */ = {isa = PBXFileReference; lastKnownFileType = sourcecode.c.objc; path = MJBaseTheme.m; sourceTree = "<group>"; };
		EDE2EC63244953C100C4BEAB /* MJAppearnce.app */ = {isa = PBXFileReference; explicitFileType = wrapper.application; includeInIndex = 0; path = MJAppearnce.app; sourceTree = BUILT_PRODUCTS_DIR; };
		EDE2EC66244953C100C4BEAB /* AppDelegate.h */ = {isa = PBXFileReference; lastKnownFileType = sourcecode.c.h; path = AppDelegate.h; sourceTree = "<group>"; };
		EDE2EC67244953C100C4BEAB /* AppDelegate.m */ = {isa = PBXFileReference; lastKnownFileType = sourcecode.c.objc; path = AppDelegate.m; sourceTree = "<group>"; };
		EDE2EC6C244953C100C4BEAB /* ViewController.h */ = {isa = PBXFileReference; lastKnownFileType = sourcecode.c.h; path = ViewController.h; sourceTree = "<group>"; };
		EDE2EC6D244953C100C4BEAB /* ViewController.m */ = {isa = PBXFileReference; lastKnownFileType = sourcecode.c.objc; path = ViewController.m; sourceTree = "<group>"; };
		EDE2EC72244953C200C4BEAB /* Assets.xcassets */ = {isa = PBXFileReference; lastKnownFileType = folder.assetcatalog; path = Assets.xcassets; sourceTree = "<group>"; };
		EDE2EC77244953C200C4BEAB /* Info.plist */ = {isa = PBXFileReference; lastKnownFileType = text.plist.xml; path = Info.plist; sourceTree = "<group>"; };
		EDE2EC78244953C200C4BEAB /* main.m */ = {isa = PBXFileReference; lastKnownFileType = sourcecode.c.objc; path = main.m; sourceTree = "<group>"; };
		EDE2EC7E244953C200C4BEAB /* MJAppearnceUITests.xctest */ = {isa = PBXFileReference; explicitFileType = wrapper.cfbundle; includeInIndex = 0; path = MJAppearnceUITests.xctest; sourceTree = BUILT_PRODUCTS_DIR; };
		EDE2EC82244953C200C4BEAB /* MJAppearnceUITests.m */ = {isa = PBXFileReference; lastKnownFileType = sourcecode.c.objc; path = MJAppearnceUITests.m; sourceTree = "<group>"; };
		EDE2EC84244953C200C4BEAB /* Info.plist */ = {isa = PBXFileReference; lastKnownFileType = text.plist.xml; path = Info.plist; sourceTree = "<group>"; };
/* End PBXFileReference section */

/* Begin PBXFrameworksBuildPhase section */
		EDE2EC60244953C100C4BEAB /* Frameworks */ = {
			isa = PBXFrameworksBuildPhase;
			buildActionMask = 2147483647;
			files = (
				B5C6626B924CAD95ECDA184C /* libPods-MJAppearnce.a in Frameworks */,
			);
			runOnlyForDeploymentPostprocessing = 0;
		};
		EDE2EC7B244953C200C4BEAB /* Frameworks */ = {
			isa = PBXFrameworksBuildPhase;
			buildActionMask = 2147483647;
			files = (
				91C4B2874590C509E75B8FFD /* libPods-MJAppearnce-MJAppearnceUITests.a in Frameworks */,
			);
			runOnlyForDeploymentPostprocessing = 0;
		};
/* End PBXFrameworksBuildPhase section */

/* Begin PBXGroup section */
		493EFF113C7E7FED95F066D1 /* Pods */ = {
			isa = PBXGroup;
			children = (
				9A90AF2767B1BCC1DE72D5DB /* Pods-MJAppearnce.debug.xcconfig */,
				78E1341557F23AC09CA12943 /* Pods-MJAppearnce.release.xcconfig */,
				55160E58A8B2E7F7516D074C /* Pods-MJAppearnce-MJAppearnceUITests.debug.xcconfig */,
				5E3D4245C77347391791E628 /* Pods-MJAppearnce-MJAppearnceUITests.release.xcconfig */,
			);
			path = Pods;
			sourceTree = "<group>";
		};
		8835493BC82834E3E448C065 /* Frameworks */ = {
			isa = PBXGroup;
			children = (
				714D2B73E69A02D4B2B07736 /* libPods-MJAppearnce.a */,
				3BAC9B63468A4137199D59C1 /* libPods-MJAppearnce-MJAppearnceUITests.a */,
			);
			name = Frameworks;
			sourceTree = "<group>";
		};
		ED7B954C2455BF990005A744 /* MJAppearance */ = {
			isa = PBXGroup;
			children = (
				ED7B95DB2456FEC00005A744 /* Theme */,
				ED7B954D2455BF990005A744 /* Core */,
				ED7B955A2455BF990005A744 /* UIKit */,
				ED7B95752455BF9A0005A744 /* MJAppearance.h */,
			);
			path = MJAppearance;
			sourceTree = SOURCE_ROOT;
		};
		ED7B954D2455BF990005A744 /* Core */ = {
			isa = PBXGroup;
			children = (
				ED7B954F2455BF990005A744 /* MJAppearanceImage.h */,
				ED7B95572455BF990005A744 /* MJAppearanceImage.m */,
				ED7B95502455BF990005A744 /* MJAppearanceManager.m */,
				ED7B95552455BF990005A744 /* MJAppearanceColor.h */,
				ED7B95512455BF990005A744 /* MJAppearanceColor.m */,
				ED7B95522455BF990005A744 /* UIColor+MJAppearance.h */,
				ED7B95592455BF990005A744 /* UIColor+MJAppearance.m */,
				ED7B95532455BF990005A744 /* NSObject+MJAppearance.h */,
				ED7B95542455BF990005A744 /* UIImage+MJAppearance.h */,
				ED7B954E2455BF990005A744 /* UIImage+MJAppearance.m */,
				ED7B95562455BF990005A744 /* MJAppearanceManager.h */,
				ED7B95582455BF990005A744 /* NSObject+MJAppearance.m */,
			);
			path = Core;
			sourceTree = "<group>";
		};
		ED7B955A2455BF990005A744 /* UIKit */ = {
			isa = PBXGroup;
			children = (
				ED7B955B2455BF990005A744 /* UILabel+MJAppearance.h */,
				ED7B955C2455BF990005A744 /* UITableView+MJAppearance.h */,
				ED7B955D2455BF990005A744 /* UINavigationBar+MJAppearance.m */,
				ED7B955E2455BF990005A744 /* UIBarButtonItem+MJAppearance.h */,
				ED7B955F2455BF990005A744 /* UIProgressView+MJAppearance.m */,
				ED7B95602455BF990005A744 /* UIPageControl+MJAppearance.m */,
				ED7B95612455BF990005A744 /* UISlider+MJAppearance.h */,
				ED7B95622455BF990005A744 /* UIView+MJAppearance.h */,
				ED7B95632455BF990005A744 /* UIButton+MJAppearance.h */,
				ED7B95642455BF990005A744 /* UIImageView+MJAppearance.h */,
				ED7B95652455BF990005A744 /* UITextFiled+MJAppearance.m */,
				ED7B95662455BF990005A744 /* UISearchBar+MJAppearance.h */,
				ED7B95672455BF9A0005A744 /* UISwitch+MJAppearance.h */,
				ED7B95682455BF9A0005A744 /* UILabel+MJAppearance.m */,
				ED7B95692455BF9A0005A744 /* UIView+MJAppearance.m */,
				ED7B956A2455BF9A0005A744 /* UIPageControl+MJAppearance.h */,
				ED7B956B2455BF9A0005A744 /* UISlider+MJAppearance.m */,
				ED7B956C2455BF9A0005A744 /* UINavigationBar+MJAppearance.h */,
				ED7B956D2455BF9A0005A744 /* UIProgressView+MJAppearance.h */,
				ED7B956E2455BF9A0005A744 /* UIBarButtonItem+MJAppearance.m */,
				ED7B956F2455BF9A0005A744 /* UITableView+MJAppearance.m */,
				ED7B95702455BF9A0005A744 /* UITextFiled+MJAppearance.h */,
				ED7B95712455BF9A0005A744 /* UIImageView+MJAppearance.m */,
				ED7B95722455BF9A0005A744 /* UIButton+MJAppearance.m */,
				ED7B95732455BF9A0005A744 /* UISwitch+MJAppearance.m */,
				ED7B95742455BF9A0005A744 /* UISearchBar+MJAppearance.m */,
			);
			path = UIKit;
			sourceTree = "<group>";
		};
		ED7B95DB2456FEC00005A744 /* Theme */ = {
			isa = PBXGroup;
			children = (
				ED7B95D82456FE900005A744 /* MJBaseTheme.h */,
				ED7B95D92456FE900005A744 /* MJBaseTheme.m */,
				ED7B95D22456E98D0005A744 /* MJMainTheme.h */,
				ED7B95D32456E98D0005A744 /* MJMainTheme.m */,
				ED7B95D52456E9A20005A744 /* MJAQITheme.h */,
				ED7B95D62456E9A20005A744 /* MJAQITheme.m */,
			);
			path = Theme;
			sourceTree = "<group>";
		};
		EDE2EC5A244953C100C4BEAB = {
			isa = PBXGroup;
			children = (
				EDE2EC65244953C100C4BEAB /* MJAppearnce */,
				EDE2EC81244953C200C4BEAB /* MJAppearnceUITests */,
				EDE2EC64244953C100C4BEAB /* Products */,
				493EFF113C7E7FED95F066D1 /* Pods */,
				8835493BC82834E3E448C065 /* Frameworks */,
			);
			sourceTree = "<group>";
		};
		EDE2EC64244953C100C4BEAB /* Products */ = {
			isa = PBXGroup;
			children = (
				EDE2EC63244953C100C4BEAB /* MJAppearnce.app */,
				EDE2EC7E244953C200C4BEAB /* MJAppearnceUITests.xctest */,
			);
			name = Products;
			sourceTree = "<group>";
		};
		EDE2EC65244953C100C4BEAB /* MJAppearnce */ = {
			isa = PBXGroup;
			children = (
				ED7B954C2455BF990005A744 /* MJAppearance */,
				ED1817A5244ADF540069B743 /* UIView+Utils.h */,
				ED1817A6244ADF540069B743 /* UIView+Utils.m */,
				EDE2EC66244953C100C4BEAB /* AppDelegate.h */,
				EDE2EC67244953C100C4BEAB /* AppDelegate.m */,
				ED1817B0244DAB520069B743 /* cry_dark.png */,
				ED1817B1244DAB520069B743 /* cry.png */,
				EDE2EC6C244953C100C4BEAB /* ViewController.h */,
				EDE2EC6D244953C100C4BEAB /* ViewController.m */,
				EDE2EC72244953C200C4BEAB /* Assets.xcassets */,
				EDE2EC77244953C200C4BEAB /* Info.plist */,
				EDE2EC78244953C200C4BEAB /* main.m */,
			);
			path = MJAppearnce;
			sourceTree = "<group>";
		};
		EDE2EC81244953C200C4BEAB /* MJAppearnceUITests */ = {
			isa = PBXGroup;
			children = (
				EDE2EC82244953C200C4BEAB /* MJAppearnceUITests.m */,
				EDE2EC84244953C200C4BEAB /* Info.plist */,
			);
			path = MJAppearnceUITests;
			sourceTree = "<group>";
		};
/* End PBXGroup section */

/* Begin PBXNativeTarget section */
		EDE2EC62244953C100C4BEAB /* MJAppearnce */ = {
			isa = PBXNativeTarget;
			buildConfigurationList = EDE2EC87244953C200C4BEAB /* Build configuration list for PBXNativeTarget "MJAppearnce" */;
			buildPhases = (
				2D3B9D7CB8D7A1F27B3132AA /* [CP] Check Pods Manifest.lock */,
				EDE2EC5F244953C100C4BEAB /* Sources */,
				EDE2EC60244953C100C4BEAB /* Frameworks */,
				EDE2EC61244953C100C4BEAB /* Resources */,
			);
			buildRules = (
			);
			dependencies = (
			);
			name = MJAppearnce;
			productName = MJAppearnce;
			productReference = EDE2EC63244953C100C4BEAB /* MJAppearnce.app */;
			productType = "com.apple.product-type.application";
		};
		EDE2EC7D244953C200C4BEAB /* MJAppearnceUITests */ = {
			isa = PBXNativeTarget;
			buildConfigurationList = EDE2EC8A244953C200C4BEAB /* Build configuration list for PBXNativeTarget "MJAppearnceUITests" */;
			buildPhases = (
				D255E2648FE5537DFC9D425F /* [CP] Check Pods Manifest.lock */,
				EDE2EC7A244953C200C4BEAB /* Sources */,
				EDE2EC7B244953C200C4BEAB /* Frameworks */,
				EDE2EC7C244953C200C4BEAB /* Resources */,
			);
			buildRules = (
			);
			dependencies = (
				EDE2EC80244953C200C4BEAB /* PBXTargetDependency */,
			);
			name = MJAppearnceUITests;
			productName = MJAppearnceUITests;
			productReference = EDE2EC7E244953C200C4BEAB /* MJAppearnceUITests.xctest */;
			productType = "com.apple.product-type.bundle.ui-testing";
		};
/* End PBXNativeTarget section */

/* Begin PBXProject section */
		EDE2EC5B244953C100C4BEAB /* Project object */ = {
			isa = PBXProject;
			attributes = {
				LastUpgradeCheck = 1140;
				ORGANIZATIONNAME = rjb;
				TargetAttributes = {
					EDE2EC62244953C100C4BEAB = {
						CreatedOnToolsVersion = 11.4.1;
					};
					EDE2EC7D244953C200C4BEAB = {
						CreatedOnToolsVersion = 11.4.1;
						TestTargetID = EDE2EC62244953C100C4BEAB;
					};
				};
			};
			buildConfigurationList = EDE2EC5E244953C100C4BEAB /* Build configuration list for PBXProject "MJAppearnce" */;
			compatibilityVersion = "Xcode 9.3";
			developmentRegion = en;
			hasScannedForEncodings = 0;
			knownRegions = (
				en,
				Base,
			);
			mainGroup = EDE2EC5A244953C100C4BEAB;
			productRefGroup = EDE2EC64244953C100C4BEAB /* Products */;
			projectDirPath = "";
			projectRoot = "";
			targets = (
				EDE2EC62244953C100C4BEAB /* MJAppearnce */,
				EDE2EC7D244953C200C4BEAB /* MJAppearnceUITests */,
			);
		};
/* End PBXProject section */

/* Begin PBXResourcesBuildPhase section */
		EDE2EC61244953C100C4BEAB /* Resources */ = {
			isa = PBXResourcesBuildPhase;
			buildActionMask = 2147483647;
			files = (
				ED1817B3244DAB520069B743 /* cry.png in Resources */,
				ED1817B2244DAB520069B743 /* cry_dark.png in Resources */,
				EDE2EC73244953C200C4BEAB /* Assets.xcassets in Resources */,
			);
			runOnlyForDeploymentPostprocessing = 0;
		};
		EDE2EC7C244953C200C4BEAB /* Resources */ = {
			isa = PBXResourcesBuildPhase;
			buildActionMask = 2147483647;
			files = (
			);
			runOnlyForDeploymentPostprocessing = 0;
		};
/* End PBXResourcesBuildPhase section */

/* Begin PBXShellScriptBuildPhase section */
		2D3B9D7CB8D7A1F27B3132AA /* [CP] Check Pods Manifest.lock */ = {
			isa = PBXShellScriptBuildPhase;
			buildActionMask = 2147483647;
			files = (
			);
			inputFileListPaths = (
			);
			inputPaths = (
				"${PODS_PODFILE_DIR_PATH}/Podfile.lock",
				"${PODS_ROOT}/Manifest.lock",
			);
			name = "[CP] Check Pods Manifest.lock";
			outputFileListPaths = (
			);
			outputPaths = (
				"$(DERIVED_FILE_DIR)/Pods-MJAppearnce-checkManifestLockResult.txt",
			);
			runOnlyForDeploymentPostprocessing = 0;
			shellPath = /bin/sh;
			shellScript = "diff \"${PODS_PODFILE_DIR_PATH}/Podfile.lock\" \"${PODS_ROOT}/Manifest.lock\" > /dev/null\nif [ $? != 0 ] ; then\n    # print error to STDERR\n    echo \"error: The sandbox is not in sync with the Podfile.lock. Run 'pod install' or update your CocoaPods installation.\" >&2\n    exit 1\nfi\n# This output is used by Xcode 'outputs' to avoid re-running this script phase.\necho \"SUCCESS\" > \"${SCRIPT_OUTPUT_FILE_0}\"\n";
			showEnvVarsInLog = 0;
		};
		D255E2648FE5537DFC9D425F /* [CP] Check Pods Manifest.lock */ = {
			isa = PBXShellScriptBuildPhase;
			buildActionMask = 2147483647;
			files = (
			);
			inputFileListPaths = (
			);
			inputPaths = (
				"${PODS_PODFILE_DIR_PATH}/Podfile.lock",
				"${PODS_ROOT}/Manifest.lock",
			);
			name = "[CP] Check Pods Manifest.lock";
			outputFileListPaths = (
			);
			outputPaths = (
				"$(DERIVED_FILE_DIR)/Pods-MJAppearnce-MJAppearnceUITests-checkManifestLockResult.txt",
			);
			runOnlyForDeploymentPostprocessing = 0;
			shellPath = /bin/sh;
			shellScript = "diff \"${PODS_PODFILE_DIR_PATH}/Podfile.lock\" \"${PODS_ROOT}/Manifest.lock\" > /dev/null\nif [ $? != 0 ] ; then\n    # print error to STDERR\n    echo \"error: The sandbox is not in sync with the Podfile.lock. Run 'pod install' or update your CocoaPods installation.\" >&2\n    exit 1\nfi\n# This output is used by Xcode 'outputs' to avoid re-running this script phase.\necho \"SUCCESS\" > \"${SCRIPT_OUTPUT_FILE_0}\"\n";
			showEnvVarsInLog = 0;
		};
/* End PBXShellScriptBuildPhase section */

/* Begin PBXSourcesBuildPhase section */
		EDE2EC5F244953C100C4BEAB /* Sources */ = {
			isa = PBXSourcesBuildPhase;
			buildActionMask = 2147483647;
			files = (
				ED7B957D2455BF9A0005A744 /* UIProgressView+MJAppearance.m in Sources */,
				ED7B95792455BF9A0005A744 /* MJAppearanceImage.m in Sources */,
				ED7B95872455BF9A0005A744 /* UISwitch+MJAppearance.m in Sources */,
				ED7B957A2455BF9A0005A744 /* NSObject+MJAppearance.m in Sources */,
				ED7B95762455BF9A0005A744 /* UIImage+MJAppearance.m in Sources */,
				EDE2EC6E244953C100C4BEAB /* ViewController.m in Sources */,
				ED7B95D72456E9A20005A744 /* MJAQITheme.m in Sources */,
				ED7B957B2455BF9A0005A744 /* UIColor+MJAppearance.m in Sources */,
				ED7B95782455BF9A0005A744 /* MJAppearanceColor.m in Sources */,
				ED7B95852455BF9A0005A744 /* UIImageView+MJAppearance.m in Sources */,
				ED7B95842455BF9A0005A744 /* UITableView+MJAppearance.m in Sources */,
				ED1817A7244ADF540069B743 /* UIView+Utils.m in Sources */,
				EDE2EC68244953C100C4BEAB /* AppDelegate.m in Sources */,
				ED7B95802455BF9A0005A744 /* UILabel+MJAppearance.m in Sources */,
				ED7B95772455BF9A0005A744 /* MJAppearanceManager.m in Sources */,
				ED7B95832455BF9A0005A744 /* UIBarButtonItem+MJAppearance.m in Sources */,
				ED7B95822455BF9A0005A744 /* UISlider+MJAppearance.m in Sources */,
				ED7B95812455BF9A0005A744 /* UIView+MJAppearance.m in Sources */,
				ED7B957E2455BF9A0005A744 /* UIPageControl+MJAppearance.m in Sources */,
				EDE2EC79244953C200C4BEAB /* main.m in Sources */,
				ED7B95882455BF9A0005A744 /* UISearchBar+MJAppearance.m in Sources */,
				ED7B957F2455BF9A0005A744 /* UITextFiled+MJAppearance.m in Sources */,
				ED7B957C2455BF9A0005A744 /* UINavigationBar+MJAppearance.m in Sources */,
				ED7B95862455BF9A0005A744 /* UIButton+MJAppearance.m in Sources */,
				ED7B95D42456E98D0005A744 /* MJMainTheme.m in Sources */,
				ED7B95DA2456FE900005A744 /* MJBaseTheme.m in Sources */,
			);
			runOnlyForDeploymentPostprocessing = 0;
		};
		EDE2EC7A244953C200C4BEAB /* Sources */ = {
			isa = PBXSourcesBuildPhase;
			buildActionMask = 2147483647;
			files = (
				EDE2EC83244953C200C4BEAB /* MJAppearnceUITests.m in Sources */,
			);
			runOnlyForDeploymentPostprocessing = 0;
		};
/* End PBXSourcesBuildPhase section */

/* Begin PBXTargetDependency section */
		EDE2EC80244953C200C4BEAB /* PBXTargetDependency */ = {
			isa = PBXTargetDependency;
			target = EDE2EC62244953C100C4BEAB /* MJAppearnce */;
			targetProxy = EDE2EC7F244953C200C4BEAB /* PBXContainerItemProxy */;
		};
/* End PBXTargetDependency section */

/* Begin XCBuildConfiguration section */
		EDE2EC85244953C200C4BEAB /* Debug */ = {
			isa = XCBuildConfiguration;
			buildSettings = {
				ALWAYS_SEARCH_USER_PATHS = NO;
				CLANG_ANALYZER_NONNULL = YES;
				CLANG_ANALYZER_NUMBER_OBJECT_CONVERSION = YES_AGGRESSIVE;
				CLANG_CXX_LANGUAGE_STANDARD = "gnu++14";
				CLANG_CXX_LIBRARY = "libc++";
				CLANG_ENABLE_MODULES = YES;
				CLANG_ENABLE_OBJC_ARC = YES;
				CLANG_ENABLE_OBJC_WEAK = YES;
				CLANG_WARN_BLOCK_CAPTURE_AUTORELEASING = YES;
				CLANG_WARN_BOOL_CONVERSION = YES;
				CLANG_WARN_COMMA = YES;
				CLANG_WARN_CONSTANT_CONVERSION = YES;
				CLANG_WARN_DEPRECATED_OBJC_IMPLEMENTATIONS = YES;
				CLANG_WARN_DIRECT_OBJC_ISA_USAGE = YES_ERROR;
				CLANG_WARN_DOCUMENTATION_COMMENTS = YES;
				CLANG_WARN_EMPTY_BODY = YES;
				CLANG_WARN_ENUM_CONVERSION = YES;
				CLANG_WARN_INFINITE_RECURSION = YES;
				CLANG_WARN_INT_CONVERSION = YES;
				CLANG_WARN_NON_LITERAL_NULL_CONVERSION = YES;
				CLANG_WARN_OBJC_IMPLICIT_RETAIN_SELF = YES;
				CLANG_WARN_OBJC_LITERAL_CONVERSION = YES;
				CLANG_WARN_OBJC_ROOT_CLASS = YES_ERROR;
				CLANG_WARN_RANGE_LOOP_ANALYSIS = YES;
				CLANG_WARN_STRICT_PROTOTYPES = YES;
				CLANG_WARN_SUSPICIOUS_MOVE = YES;
				CLANG_WARN_UNGUARDED_AVAILABILITY = YES_AGGRESSIVE;
				CLANG_WARN_UNREACHABLE_CODE = YES;
				CLANG_WARN__DUPLICATE_METHOD_MATCH = YES;
				COPY_PHASE_STRIP = NO;
				DEBUG_INFORMATION_FORMAT = dwarf;
				ENABLE_STRICT_OBJC_MSGSEND = YES;
				ENABLE_TESTABILITY = YES;
				GCC_C_LANGUAGE_STANDARD = gnu11;
				GCC_DYNAMIC_NO_PIC = NO;
				GCC_NO_COMMON_BLOCKS = YES;
				GCC_OPTIMIZATION_LEVEL = 0;
				GCC_PREPROCESSOR_DEFINITIONS = (
					"DEBUG=1",
					"$(inherited)",
				);
				GCC_WARN_64_TO_32_BIT_CONVERSION = YES;
				GCC_WARN_ABOUT_RETURN_TYPE = YES_ERROR;
				GCC_WARN_UNDECLARED_SELECTOR = YES;
				GCC_WARN_UNINITIALIZED_AUTOS = YES_AGGRESSIVE;
				GCC_WARN_UNUSED_FUNCTION = YES;
				GCC_WARN_UNUSED_VARIABLE = YES;
				IPHONEOS_DEPLOYMENT_TARGET = 9.0;
				MTL_ENABLE_DEBUG_INFO = INCLUDE_SOURCE;
				MTL_FAST_MATH = YES;
				ONLY_ACTIVE_ARCH = YES;
				SDKROOT = iphoneos;
			};
			name = Debug;
		};
		EDE2EC86244953C200C4BEAB /* Release */ = {
			isa = XCBuildConfiguration;
			buildSettings = {
				ALWAYS_SEARCH_USER_PATHS = NO;
				CLANG_ANALYZER_NONNULL = YES;
				CLANG_ANALYZER_NUMBER_OBJECT_CONVERSION = YES_AGGRESSIVE;
				CLANG_CXX_LANGUAGE_STANDARD = "gnu++14";
				CLANG_CXX_LIBRARY = "libc++";
				CLANG_ENABLE_MODULES = YES;
				CLANG_ENABLE_OBJC_ARC = YES;
				CLANG_ENABLE_OBJC_WEAK = YES;
				CLANG_WARN_BLOCK_CAPTURE_AUTORELEASING = YES;
				CLANG_WARN_BOOL_CONVERSION = YES;
				CLANG_WARN_COMMA = YES;
				CLANG_WARN_CONSTANT_CONVERSION = YES;
				CLANG_WARN_DEPRECATED_OBJC_IMPLEMENTATIONS = YES;
				CLANG_WARN_DIRECT_OBJC_ISA_USAGE = YES_ERROR;
				CLANG_WARN_DOCUMENTATION_COMMENTS = YES;
				CLANG_WARN_EMPTY_BODY = YES;
				CLANG_WARN_ENUM_CONVERSION = YES;
				CLANG_WARN_INFINITE_RECURSION = YES;
				CLANG_WARN_INT_CONVERSION = YES;
				CLANG_WARN_NON_LITERAL_NULL_CONVERSION = YES;
				CLANG_WARN_OBJC_IMPLICIT_RETAIN_SELF = YES;
				CLANG_WARN_OBJC_LITERAL_CONVERSION = YES;
				CLANG_WARN_OBJC_ROOT_CLASS = YES_ERROR;
				CLANG_WARN_RANGE_LOOP_ANALYSIS = YES;
				CLANG_WARN_STRICT_PROTOTYPES = YES;
				CLANG_WARN_SUSPICIOUS_MOVE = YES;
				CLANG_WARN_UNGUARDED_AVAILABILITY = YES_AGGRESSIVE;
				CLANG_WARN_UNREACHABLE_CODE = YES;
				CLANG_WARN__DUPLICATE_METHOD_MATCH = YES;
				COPY_PHASE_STRIP = NO;
				DEBUG_INFORMATION_FORMAT = "dwarf-with-dsym";
				ENABLE_NS_ASSERTIONS = NO;
				ENABLE_STRICT_OBJC_MSGSEND = YES;
				GCC_C_LANGUAGE_STANDARD = gnu11;
				GCC_NO_COMMON_BLOCKS = YES;
				GCC_WARN_64_TO_32_BIT_CONVERSION = YES;
				GCC_WARN_ABOUT_RETURN_TYPE = YES_ERROR;
				GCC_WARN_UNDECLARED_SELECTOR = YES;
				GCC_WARN_UNINITIALIZED_AUTOS = YES_AGGRESSIVE;
				GCC_WARN_UNUSED_FUNCTION = YES;
				GCC_WARN_UNUSED_VARIABLE = YES;
				IPHONEOS_DEPLOYMENT_TARGET = 9.0;
				MTL_ENABLE_DEBUG_INFO = NO;
				MTL_FAST_MATH = YES;
				SDKROOT = iphoneos;
				VALIDATE_PRODUCT = YES;
			};
			name = Release;
		};
		EDE2EC88244953C200C4BEAB /* Debug */ = {
			isa = XCBuildConfiguration;
			baseConfigurationReference = 9A90AF2767B1BCC1DE72D5DB /* Pods-MJAppearnce.debug.xcconfig */;
			buildSettings = {
				ASSETCATALOG_COMPILER_APPICON_NAME = AppIcon;
				CODE_SIGN_STYLE = Automatic;
				DEVELOPMENT_TEAM = 7386VQTH7S;
				INFOPLIST_FILE = MJAppearnce/Info.plist;
				LD_RUNPATH_SEARCH_PATHS = (
					"$(inherited)",
					"@executable_path/Frameworks",
				);
				PRODUCT_BUNDLE_IDENTIFIER = com.moji.com.MJAppearnce;
				PRODUCT_NAME = "$(TARGET_NAME)";
				TARGETED_DEVICE_FAMILY = "1,2";
			};
			name = Debug;
		};
		EDE2EC89244953C200C4BEAB /* Release */ = {
			isa = XCBuildConfiguration;
			baseConfigurationReference = 78E1341557F23AC09CA12943 /* Pods-MJAppearnce.release.xcconfig */;
			buildSettings = {
				ASSETCATALOG_COMPILER_APPICON_NAME = AppIcon;
				CODE_SIGN_STYLE = Automatic;
				DEVELOPMENT_TEAM = 7386VQTH7S;
				INFOPLIST_FILE = MJAppearnce/Info.plist;
				LD_RUNPATH_SEARCH_PATHS = (
					"$(inherited)",
					"@executable_path/Frameworks",
				);
				PRODUCT_BUNDLE_IDENTIFIER = com.moji.com.MJAppearnce;
				PRODUCT_NAME = "$(TARGET_NAME)";
				TARGETED_DEVICE_FAMILY = "1,2";
			};
			name = Release;
		};
		EDE2EC8B244953C200C4BEAB /* Debug */ = {
			isa = XCBuildConfiguration;
			baseConfigurationReference = 55160E58A8B2E7F7516D074C /* Pods-MJAppearnce-MJAppearnceUITests.debug.xcconfig */;
			buildSettings = {
				CODE_SIGN_STYLE = Automatic;
				DEVELOPMENT_TEAM = 7386VQTH7S;
				INFOPLIST_FILE = MJAppearnceUITests/Info.plist;
				LD_RUNPATH_SEARCH_PATHS = (
					"$(inherited)",
					"@executable_path/Frameworks",
					"@loader_path/Frameworks",
				);
				PRODUCT_BUNDLE_IDENTIFIER = com.moji.com.MJAppearnceUITests;
				PRODUCT_NAME = "$(TARGET_NAME)";
				TARGETED_DEVICE_FAMILY = "1,2";
				TEST_TARGET_NAME = MJAppearnce;
			};
			name = Debug;
		};
		EDE2EC8C244953C200C4BEAB /* Release */ = {
			isa = XCBuildConfiguration;
			baseConfigurationReference = 5E3D4245C77347391791E628 /* Pods-MJAppearnce-MJAppearnceUITests.release.xcconfig */;
			buildSettings = {
				CODE_SIGN_STYLE = Automatic;
				DEVELOPMENT_TEAM = 7386VQTH7S;
				INFOPLIST_FILE = MJAppearnceUITests/Info.plist;
				LD_RUNPATH_SEARCH_PATHS = (
					"$(inherited)",
					"@executable_path/Frameworks",
					"@loader_path/Frameworks",
				);
				PRODUCT_BUNDLE_IDENTIFIER = com.moji.com.MJAppearnceUITests;
				PRODUCT_NAME = "$(TARGET_NAME)";
				TARGETED_DEVICE_FAMILY = "1,2";
				TEST_TARGET_NAME = MJAppearnce;
			};
			name = Release;
		};
/* End XCBuildConfiguration section */

/* Begin XCConfigurationList section */
		EDE2EC5E244953C100C4BEAB /* Build configuration list for PBXProject "MJAppearnce" */ = {
			isa = XCConfigurationList;
			buildConfigurations = (
				EDE2EC85244953C200C4BEAB /* Debug */,
				EDE2EC86244953C200C4BEAB /* Release */,
			);
			defaultConfigurationIsVisible = 0;
			defaultConfigurationName = Release;
		};
		EDE2EC87244953C200C4BEAB /* Build configuration list for PBXNativeTarget "MJAppearnce" */ = {
			isa = XCConfigurationList;
			buildConfigurations = (
				EDE2EC88244953C200C4BEAB /* Debug */,
				EDE2EC89244953C200C4BEAB /* Release */,
			);
			defaultConfigurationIsVisible = 0;
			defaultConfigurationName = Release;
		};
		EDE2EC8A244953C200C4BEAB /* Build configuration list for PBXNativeTarget "MJAppearnceUITests" */ = {
			isa = XCConfigurationList;
			buildConfigurations = (
				EDE2EC8B244953C200C4BEAB /* Debug */,
				EDE2EC8C244953C200C4BEAB /* Release */,
			);
			defaultConfigurationIsVisible = 0;
			defaultConfigurationName = Release;
		};
/* End XCConfigurationList section */
	};
	rootObject = EDE2EC5B244953C100C4BEAB /* Project object */;
}
